// !$*UTF8*$!
{
	archiveVersion = 1;
	classes = {
	};
	objectVersion = 46;
	objects = {

/* Begin PBXBuildFile section */
		734786FF1CFC061800C32FF9 /* main.m in Sources */ = {isa = PBXBuildFile; fileRef = 734786FE1CFC061800C32FF9 /* main.m */; };
		734787071CFC063E00C32FF9 /* AdjList.m in Sources */ = {isa = PBXBuildFile; fileRef = 734787061CFC063E00C32FF9 /* AdjList.m */; };
		7347870E1CFC231400C32FF9 /* NSMutableArray+Queue.m in Sources */ = {isa = PBXBuildFile; fileRef = 7347870C1CFC230600C32FF9 /* NSMutableArray+Queue.m */; };
		734787111CFC26CA00C32FF9 /* Graph.m in Sources */ = {isa = PBXBuildFile; fileRef = 734787101CFC26CA00C32FF9 /* Graph.m */; };
		73F649D01CFE75500005D53E /* Edge.m in Sources */ = {isa = PBXBuildFile; fileRef = 73F649CF1CFE75500005D53E /* Edge.m */; };
		73F649D31CFE78B40005D53E /* Subway.m in Sources */ = {isa = PBXBuildFile; fileRef = 73F649D21CFE78B40005D53E /* Subway.m */; };
/* End PBXBuildFile section */

/* Begin PBXCopyFilesBuildPhase section */
		734786F91CFC061800C32FF9 /* CopyFiles */ = {
			isa = PBXCopyFilesBuildPhase;
			buildActionMask = 2147483647;
			dstPath = /usr/share/man/man1/;
			dstSubfolderSpec = 0;
			files = (
			);
			runOnlyForDeploymentPostprocessing = 1;
		};
/* End PBXCopyFilesBuildPhase section */

/* Begin PBXFileReference section */
		734786FB1CFC061800C32FF9 /* AdjList */ = {isa = PBXFileReference; explicitFileType = "compiled.mach-o.executable"; includeInIndex = 0; path = AdjList; sourceTree = BUILT_PRODUCTS_DIR; };
		734786FE1CFC061800C32FF9 /* main.m */ = {isa = PBXFileReference; lastKnownFileType = sourcecode.c.objc; path = main.m; sourceTree = "<group>"; };
		734787051CFC063E00C32FF9 /* AdjList.h */ = {isa = PBXFileReference; fileEncoding = 4; lastKnownFileType = sourcecode.c.h; path = AdjList.h; sourceTree = "<group>"; };
		734787061CFC063E00C32FF9 /* AdjList.m */ = {isa = PBXFileReference; fileEncoding = 4; lastKnownFileType = sourcecode.c.objc; path = AdjList.m; sourceTree = "<group>"; };
		7347870B1CFC230600C32FF9 /* NSMutableArray+Queue.h */ = {isa = PBXFileReference; fileEncoding = 4; lastKnownFileType = sourcecode.c.h; path = "NSMutableArray+Queue.h"; sourceTree = "<group>"; };
		7347870C1CFC230600C32FF9 /* NSMutableArray+Queue.m */ = {isa = PBXFileReference; fileEncoding = 4; lastKnownFileType = sourcecode.c.objc; path = "NSMutableArray+Queue.m"; sourceTree = "<group>"; };
		7347870F1CFC26CA00C32FF9 /* Graph.h */ = {isa = PBXFileReference; fileEncoding = 4; lastKnownFileType = sourcecode.c.h; path = Graph.h; sourceTree = "<group>"; };
		734787101CFC26CA00C32FF9 /* Graph.m */ = {isa = PBXFileReference; fileEncoding = 4; lastKnownFileType = sourcecode.c.objc; path = Graph.m; sourceTree = "<group>"; };
		73F649CE1CFE75500005D53E /* Edge.h */ = {isa = PBXFileReference; fileEncoding = 4; lastKnownFileType = sourcecode.c.h; path = Edge.h; sourceTree = "<group>"; };
		73F649CF1CFE75500005D53E /* Edge.m */ = {isa = PBXFileReference; fileEncoding = 4; lastKnownFileType = sourcecode.c.objc; path = Edge.m; sourceTree = "<group>"; };
		73F649D11CFE78B40005D53E /* Subway.h */ = {isa = PBXFileReference; fileEncoding = 4; lastKnownFileType = sourcecode.c.h; path = Subway.h; sourceTree = "<group>"; };
		73F649D21CFE78B40005D53E /* Subway.m */ = {isa = PBXFileReference; fileEncoding = 4; lastKnownFileType = sourcecode.c.objc; path = Subway.m; sourceTree = "<group>"; };
/* End PBXFileReference section */

/* Begin PBXFrameworksBuildPhase section */
		734786F81CFC061800C32FF9 /* Frameworks */ = {
			isa = PBXFrameworksBuildPhase;
			buildActionMask = 2147483647;
			files = (
			);
			runOnlyForDeploymentPostprocessing = 0;
		};
/* End PBXFrameworksBuildPhase section */

/* Begin PBXGroup section */
		734786F21CFC061800C32FF9 = {
			isa = PBXGroup;
			children = (
				734786FD1CFC061800C32FF9 /* AdjList */,
				734786FC1CFC061800C32FF9 /* Products */,
			);
			sourceTree = "<group>";
		};
		734786FC1CFC061800C32FF9 /* Products */ = {
			isa = PBXGroup;
			children = (
				734786FB1CFC061800C32FF9 /* AdjList */,
			);
			name = Products;
			sourceTree = "<group>";
		};
		734786FD1CFC061800C32FF9 /* AdjList */ = {
			isa = PBXGroup;
			children = (
				734786FE1CFC061800C32FF9 /* main.m */,
				734787121CFC2D6F00C32FF9 /* Graph */,
				734787131CFC2D7400C32FF9 /* Category */,
				73F649D11CFE78B40005D53E /* Subway.h */,
				73F649D21CFE78B40005D53E /* Subway.m */,
			);
			path = AdjList;
			sourceTree = "<group>";
		};
		734787121CFC2D6F00C32FF9 /* Graph */ = {
			isa = PBXGroup;
			children = (
				734787051CFC063E00C32FF9 /* AdjList.h */,
				734787061CFC063E00C32FF9 /* AdjList.m */,
				7347870F1CFC26CA00C32FF9 /* Graph.h */,
				734787101CFC26CA00C32FF9 /* Graph.m */,
				73F649CE1CFE75500005D53E /* Edge.h */,
				73F649CF1CFE75500005D53E /* Edge.m */,
			);
			name = Graph;
			sourceTree = "<group>";
		};
		734787131CFC2D7400C32FF9 /* Category */ = {
			isa = PBXGroup;
			children = (
				7347870B1CFC230600C32FF9 /* NSMutableArray+Queue.h */,
				7347870C1CFC230600C32FF9 /* NSMutableArray+Queue.m */,
			);
			name = Category;
			sourceTree = "<group>";
		};
/* End PBXGroup section */

/* Begin PBXNativeTarget section */
		734786FA1CFC061800C32FF9 /* AdjList */ = {
			isa = PBXNativeTarget;
			buildConfigurationList = 734787021CFC061800C32FF9 /* Build configuration list for PBXNativeTarget "AdjList" */;
			buildPhases = (
				734786F71CFC061800C32FF9 /* Sources */,
				734786F81CFC061800C32FF9 /* Frameworks */,
				734786F91CFC061800C32FF9 /* CopyFiles */,
			);
			buildRules = (
			);
			dependencies = (
			);
			name = AdjList;
			productName = AdjList;
			productReference = 734786FB1CFC061800C32FF9 /* AdjList */;
			productType = "com.apple.product-type.tool";
		};
/* End PBXNativeTarget section */

/* Begin PBXProject section */
		734786F31CFC061800C32FF9 /* Project object */ = {
			isa = PBXProject;
			attributes = {
				LastUpgradeCheck = 0730;
				ORGANIZATIONNAME = Startlink;
				TargetAttributes = {
					734786FA1CFC061800C32FF9 = {
						CreatedOnToolsVersion = 7.3;
					};
				};
			};
			buildConfigurationList = 734786F61CFC061800C32FF9 /* Build configuration list for PBXProject "AdjList" */;
			compatibilityVersion = "Xcode 3.2";
			developmentRegion = English;
			hasScannedForEncodings = 0;
			knownRegions = (
				en,
			);
			mainGroup = 734786F21CFC061800C32FF9;
			productRefGroup = 734786FC1CFC061800C32FF9 /* Products */;
			projectDirPath = "";
			projectRoot = "";
			targets = (
				734786FA1CFC061800C32FF9 /* AdjList */,
			);
		};
/* End PBXProject section */

/* Begin PBXSourcesBuildPhase section */
		734786F71CFC061800C32FF9 /* Sources */ = {
			isa = PBXSourcesBuildPhase;
			buildActionMask = 2147483647;
			files = (
				73F649D01CFE75500005D53E /* Edge.m in Sources */,
				734787111CFC26CA00C32FF9 /* Graph.m in Sources */,
				73F649D31CFE78B40005D53E /* Subway.m in Sources */,
				734786FF1CFC061800C32FF9 /* main.m in Sources */,
				734787071CFC063E00C32FF9 /* AdjList.m in Sources */,
				7347870E1CFC231400C32FF9 /* NSMutableArray+Queue.m in Sources */,
			);
			runOnlyForDeploymentPostprocessing = 0;
		};
/* End PBXSourcesBuildPhase section */

/* Begin XCBuildConfiguration section */
		734787001CFC061800C32FF9 /* Debug */ = {
			isa = XCBuildConfiguration;
			buildSettings = {
				ALWAYS_SEARCH_USER_PATHS = NO;
				CLANG_ANALYZER_NONNULL = YES;
				CLANG_CXX_LANGUAGE_STANDARD = "gnu++0x";
				CLANG_CXX_LIBRARY = "libc++";
				CLANG_ENABLE_MODULES = YES;
				CLANG_ENABLE_OBJC_ARC = YES;
				CLANG_WARN_BOOL_CONVERSION = YES;
				CLANG_WARN_CONSTANT_CONVERSION = YES;
				CLANG_WARN_DIRECT_OBJC_ISA_USAGE = YES_ERROR;
				CLANG_WARN_EMPTY_BODY = YES;
				CLANG_WARN_ENUM_CONVERSION = YES;
				CLANG_WARN_INT_CONVERSION = YES;
				CLANG_WARN_OBJC_ROOT_CLASS = YES_ERROR;
				CLANG_WARN_UNREACHABLE_CODE = YES;
				CLANG_WARN__DUPLICATE_METHOD_MATCH = YES;
				CODE_SIGN_IDENTITY = "-";
				COPY_PHASE_STRIP = NO;
				DEBUG_INFORMATION_FORMAT = dwarf;
				ENABLE_STRICT_OBJC_MSGSEND = YES;
				ENABLE_TESTABILITY = YES;
				GCC_C_LANGUAGE_STANDARD = gnu99;
				GCC_DYNAMIC_NO_PIC = NO;
				GCC_NO_COMMON_BLOCKS = YES;
				GCC_OPTIMIZATION_LEVEL = 0;
				GCC_PREPROCESSOR_DEFINITIONS = (
					"DEBUG=1",
					"$(inherited)",
				);
				GCC_WARN_64_TO_32_BIT_CONVERSION = YES;
				GCC_WARN_ABOUT_RETURN_TYPE = YES_ERROR;
				GCC_WARN_UNDECLARED_SELECTOR = YES;
				GCC_WARN_UNINITIALIZED_AUTOS = YES_AGGRESSIVE;
				GCC_WARN_UNUSED_FUNCTION = YES;
				GCC_WARN_UNUSED_VARIABLE = YES;
				MACOSX_DEPLOYMENT_TARGET = 10.11;
				MTL_ENABLE_DEBUG_INFO = YES;
				ONLY_ACTIVE_ARCH = YES;
				SDKROOT = macosx;
			};
			name = Debug;
		};
		734787011CFC061800C32FF9 /* Release */ = {
			isa = XCBuildConfiguration;
			buildSettings = {
				ALWAYS_SEARCH_USER_PATHS = NO;
				CLANG_ANALYZER_NONNULL = YES;
				CLANG_CXX_LANGUAGE_STANDARD = "gnu++0x";
				CLANG_CXX_LIBRARY = "libc++";
				CLANG_ENABLE_MODULES = YES;
				CLANG_ENABLE_OBJC_ARC = YES;
				CLANG_WARN_BOOL_CONVERSION = YES;
				CLANG_WARN_CONSTANT_CONVERSION = YES;
				CLANG_WARN_DIRECT_OBJC_ISA_USAGE = YES_ERROR;
				CLANG_WARN_EMPTY_BODY = YES;
				CLANG_WARN_ENUM_CONVERSION = YES;
				CLANG_WARN_INT_CONVERSION = YES;
				CLANG_WARN_OBJC_ROOT_CLASS = YES_ERROR;
				CLANG_WARN_UNREACHABLE_CODE = YES;
				CLANG_WARN__DUPLICATE_METHOD_MATCH = YES;
				CODE_SIGN_IDENTITY = "-";
				COPY_PHASE_STRIP = NO;
				DEBUG_INFORMATION_FORMAT = "dwarf-with-dsym";
				ENABLE_NS_ASSERTIONS = NO;
				ENABLE_STRICT_OBJC_MSGSEND = YES;
				GCC_C_LANGUAGE_STANDARD = gnu99;
				GCC_NO_COMMON_BLOCKS = YES;
				GCC_WARN_64_TO_32_BIT_CONVERSION = YES;
				GCC_WARN_ABOUT_RETURN_TYPE = YES_ERROR;
				GCC_WARN_UNDECLARED_SELECTOR = YES;
				GCC_WARN_UNINITIALIZED_AUTOS = YES_AGGRESSIVE;
				GCC_WARN_UNUSED_FUNCTION = YES;
				GCC_WARN_UNUSED_VARIABLE = YES;
				MACOSX_DEPLOYMENT_TARGET = 10.11;
				MTL_ENABLE_DEBUG_INFO = NO;
				SDKROOT = macosx;
			};
			name = Release;
		};
		734787031CFC061800C32FF9 /* Debug */ = {
			isa = XCBuildConfiguration;
			buildSettings = {
				PRODUCT_NAME = "$(TARGET_NAME)";
			};
			name = Debug;
		};
		734787041CFC061800C32FF9 /* Release */ = {
			isa = XCBuildConfiguration;
			buildSettings = {
				PRODUCT_NAME = "$(TARGET_NAME)";
			};
			name = Release;
		};
/* End XCBuildConfiguration section */

/* Begin XCConfigurationList section */
		734786F61CFC061800C32FF9 /* Build configuration list for PBXProject "AdjList" */ = {
			isa = XCConfigurationList;
			buildConfigurations = (
				734787001CFC061800C32FF9 /* Debug */,
				734787011CFC061800C32FF9 /* Release */,
			);
			defaultConfigurationIsVisible = 0;
			defaultConfigurationName = Release;
		};
		734787021CFC061800C32FF9 /* Build configuration list for PBXNativeTarget "AdjList" */ = {
			isa = XCConfigurationList;
			buildConfigurations = (
				734787031CFC061800C32FF9 /* Debug */,
				734787041CFC061800C32FF9 /* Release */,
			);
			defaultConfigurationIsVisible = 0;
			defaultConfigurationName = Release;
		};
/* End XCConfigurationList section */
	};
	rootObject = 734786F31CFC061800C32FF9 /* Project object */;
}
